
Microsoft Visual Studio Solution File, Format Version 12.00
# Visual Studio Version 17
VisualStudioVersion = 17.2.32516.85
MinimumVisualStudioVersion = 10.0.40219.1
Project("{9A19103F-16F7-4668-BE54-9A1E7A4F7556}") = "Csharquarium", "Csharquarium\Csharquarium.csproj", "{A5B6D0FB-887B-4DB9-BDCF-92373A9BECF6}"
EndProject
Global
	GlobalSection(SolutionConfigurationPlatforms) = preSolution
		Debug|Any CPU = Debug|Any CPU
		Release|Any CPU = Release|Any CPU
	EndGlobalSection
	GlobalSection(ProjectConfigurationPlatforms) = postSolution
		{A5B6D0FB-887B-4DB9-BDCF-92373A9BECF6}.Debug|Any CPU.ActiveCfg = Debug|Any CPU
		{A5B6D0FB-887B-4DB9-BDCF-92373A9BECF6}.Debug|Any CPU.Build.0 = Debug|Any CPU
		{A5B6D0FB-887B-4DB9-BDCF-92373A9BECF6}.Release|Any CPU.ActiveCfg = Release|Any CPU
		{A5B6D0FB-887B-4DB9-BDCF-92373A9BECF6}.Release|Any CPU.Build.0 = Release|Any CPU
	EndGlobalSection
	GlobalSection(SolutionProperties) = preSolution
		HideSolutionNode = FALSE
	EndGlobalSection
	GlobalSection(ExtensibilityGlobals) = postSolution
		SolutionGuid = {4EEEB2C0-2F32-4B9D-9A93-0EC601ADC1C7}
	EndGlobalSection
EndGlobal
